
Microsoft Visual Studio Solution File, Format Version 12.00
# Visual Studio Version 17
VisualStudioVersion = 17.0.32014.148
MinimumVisualStudioVersion = 10.0.40219.1
Project("{FAE04EC0-301F-11D3-BF4B-00C04F79EFBC}") = "ShowCaseDomain", "ShowCaseDomain\ShowCaseDomain.csproj", "{5F387B9A-2BF6-4D68-9A18-DC35B48EF1BB}"
EndProject
Global
	GlobalSection(SolutionConfigurationPlatforms) = preSolution
		Debug|Any CPU = Debug|Any CPU
		Release|Any CPU = Release|Any CPU
	EndGlobalSection
	GlobalSection(ProjectConfigurationPlatforms) = postSolution
		{5F387B9A-2BF6-4D68-9A18-DC35B48EF1BB}.Debug|Any CPU.ActiveCfg = Debug|Any CPU
		{5F387B9A-2BF6-4D68-9A18-DC35B48EF1BB}.Debug|Any CPU.Build.0 = Debug|Any CPU
		{5F387B9A-2BF6-4D68-9A18-DC35B48EF1BB}.Release|Any CPU.ActiveCfg = Release|Any CPU
		{5F387B9A-2BF6-4D68-9A18-DC35B48EF1BB}.Release|Any CPU.Build.0 = Release|Any CPU
	EndGlobalSection
	GlobalSection(SolutionProperties) = preSolution
		HideSolutionNode = FALSE
	EndGlobalSection
	GlobalSection(ExtensibilityGlobals) = postSolution
		SolutionGuid = {9BADF560-7423-4EA4-863E-FCCF7305D719}
	EndGlobalSection
EndGlobal
